// !$*UTF8*$!
{
	archiveVersion = 1;
	classes = {
	};
	objectVersion = 46;
	objects = {

/* Begin PBXBuildFile section */
		249FEA2B1AD29EC2009A05AB /* TwitterViewController.swift in Sources */ = {isa = PBXBuildFile; fileRef = 828963BF1AAF5BFD00B546F3 /* TwitterViewController.swift */; };
		24D789BF1AD2A04D0066405D /* Dictionary+Swifter.swift in Sources */ = {isa = PBXBuildFile; fileRef = 828963DE1AAFBBA800B546F3 /* Dictionary+Swifter.swift */; };
		24D789C01AD2A05A0066405D /* JSON.swift in Sources */ = {isa = PBXBuildFile; fileRef = 828963E01AAFBBA800B546F3 /* JSON.swift */; };
		24D789C11AD2A05A0066405D /* NSURL+Swifter.swift in Sources */ = {isa = PBXBuildFile; fileRef = 828963E11AAFBBA800B546F3 /* NSURL+Swifter.swift */; };
		24D789C21AD2A05A0066405D /* String+Swifter.swift in Sources */ = {isa = PBXBuildFile; fileRef = 828963E21AAFBBA800B546F3 /* String+Swifter.swift */; };
		24D789C31AD2A0670066405D /* Swifter.swift in Sources */ = {isa = PBXBuildFile; fileRef = 828963E51AAFBBA800B546F3 /* Swifter.swift */; };
		24D789C41AD2A0670066405D /* SwifterAccountsClient.swift in Sources */ = {isa = PBXBuildFile; fileRef = 828963E61AAFBBA800B546F3 /* SwifterAccountsClient.swift */; };
		24D789C51AD2A0670066405D /* SwifterAppOnlyClient.swift in Sources */ = {isa = PBXBuildFile; fileRef = 828963E71AAFBBA800B546F3 /* SwifterAppOnlyClient.swift */; };
		24D789C61AD2A0670066405D /* SwifterAuth.swift in Sources */ = {isa = PBXBuildFile; fileRef = 828963E81AAFBBA800B546F3 /* SwifterAuth.swift */; };
		24D789C71AD2A0670066405D /* SwifterClientProtocol.swift in Sources */ = {isa = PBXBuildFile; fileRef = 828963E91AAFBBA800B546F3 /* SwifterClientProtocol.swift */; };
		24D789C81AD2A0670066405D /* SwifterCredential.swift in Sources */ = {isa = PBXBuildFile; fileRef = 828963EA1AAFBBA800B546F3 /* SwifterCredential.swift */; };
		24D789C91AD2A0670066405D /* SwifterFavorites.swift in Sources */ = {isa = PBXBuildFile; fileRef = 828963EB1AAFBBA800B546F3 /* SwifterFavorites.swift */; };
		24D789CA1AD2A0670066405D /* SwifterFollowers.swift in Sources */ = {isa = PBXBuildFile; fileRef = 828963EC1AAFBBA800B546F3 /* SwifterFollowers.swift */; };
		24D789CB1AD2A0670066405D /* SwifterHelp.swift in Sources */ = {isa = PBXBuildFile; fileRef = 828963ED1AAFBBA800B546F3 /* SwifterHelp.swift */; };
		24D789CC1AD2A0670066405D /* SwifterHTTPRequest.swift in Sources */ = {isa = PBXBuildFile; fileRef = 828963EE1AAFBBA800B546F3 /* SwifterHTTPRequest.swift */; };
		24D789CD1AD2A0670066405D /* SwifterLists.swift in Sources */ = {isa = PBXBuildFile; fileRef = 828963EF1AAFBBA800B546F3 /* SwifterLists.swift */; };
		24D789CE1AD2A0670066405D /* SwifterMessages.swift in Sources */ = {isa = PBXBuildFile; fileRef = 828963F01AAFBBA800B546F3 /* SwifterMessages.swift */; };
		24D789CF1AD2A0670066405D /* SwifterOAuthClient.swift in Sources */ = {isa = PBXBuildFile; fileRef = 828963F11AAFBBA800B546F3 /* SwifterOAuthClient.swift */; };
		24D789D01AD2A0670066405D /* SwifterPlaces.swift in Sources */ = {isa = PBXBuildFile; fileRef = 828963F21AAFBBA800B546F3 /* SwifterPlaces.swift */; };
		24D789D11AD2A0670066405D /* SwifterSavedSearches.swift in Sources */ = {isa = PBXBuildFile; fileRef = 828963F31AAFBBA800B546F3 /* SwifterSavedSearches.swift */; };
		24D789D21AD2A0670066405D /* SwifterSearch.swift in Sources */ = {isa = PBXBuildFile; fileRef = 828963F41AAFBBA800B546F3 /* SwifterSearch.swift */; };
		24D789D31AD2A0670066405D /* SwifterSpam.swift in Sources */ = {isa = PBXBuildFile; fileRef = 828963F51AAFBBA800B546F3 /* SwifterSpam.swift */; };
		24D789D41AD2A0670066405D /* SwifterStreaming.swift in Sources */ = {isa = PBXBuildFile; fileRef = 828963F61AAFBBA800B546F3 /* SwifterStreaming.swift */; };
		24D789D51AD2A0670066405D /* SwifterSuggested.swift in Sources */ = {isa = PBXBuildFile; fileRef = 828963F71AAFBBA800B546F3 /* SwifterSuggested.swift */; };
		24D789D61AD2A0670066405D /* SwifterTimelines.swift in Sources */ = {isa = PBXBuildFile; fileRef = 828963F81AAFBBA800B546F3 /* SwifterTimelines.swift */; };
		24D789D71AD2A0670066405D /* SwifterTrends.swift in Sources */ = {isa = PBXBuildFile; fileRef = 828963F91AAFBBA800B546F3 /* SwifterTrends.swift */; };
		24D789D81AD2A0670066405D /* SwifterTweets.swift in Sources */ = {isa = PBXBuildFile; fileRef = 828963FA1AAFBBA800B546F3 /* SwifterTweets.swift */; };
		24D789D91AD2A0670066405D /* SwifterUsers.swift in Sources */ = {isa = PBXBuildFile; fileRef = 828963FB1AAFBBA800B546F3 /* SwifterUsers.swift */; };
		24EED8351AD9302F00D3C7C5 /* Parser.swift in Sources */ = {isa = PBXBuildFile; fileRef = 24EED8341AD9302F00D3C7C5 /* Parser.swift */; };
		24EED8361AD9306400D3C7C5 /* Parser.swift in Sources */ = {isa = PBXBuildFile; fileRef = 24EED8341AD9302F00D3C7C5 /* Parser.swift */; };
		24EED8381ADBCB9600D3C7C5 /* MediaViewController.swift in Sources */ = {isa = PBXBuildFile; fileRef = 24EED8371ADBCB9600D3C7C5 /* MediaViewController.swift */; };
		24EED8391ADCC19D00D3C7C5 /* MediaViewController.swift in Sources */ = {isa = PBXBuildFile; fileRef = 24EED8371ADBCB9600D3C7C5 /* MediaViewController.swift */; };
		40D277131ADD925D007D5594 /* NetworkingOperations.swift in Sources */ = {isa = PBXBuildFile; fileRef = 40D277121ADD925D007D5594 /* NetworkingOperations.swift */; };
		40D277141ADD926A007D5594 /* NetworkingOperations.swift in Sources */ = {isa = PBXBuildFile; fileRef = 40D277121ADD925D007D5594 /* NetworkingOperations.swift */; };
		828963BC1AAF5BFD00B546F3 /* AppDelegate.swift in Sources */ = {isa = PBXBuildFile; fileRef = 828963BB1AAF5BFD00B546F3 /* AppDelegate.swift */; };
		828963BE1AAF5BFD00B546F3 /* FacebookViewController.swift in Sources */ = {isa = PBXBuildFile; fileRef = 828963BD1AAF5BFD00B546F3 /* FacebookViewController.swift */; };
		828963C01AAF5BFD00B546F3 /* TwitterViewController.swift in Sources */ = {isa = PBXBuildFile; fileRef = 828963BF1AAF5BFD00B546F3 /* TwitterViewController.swift */; };
		828963C31AAF5BFD00B546F3 /* Main.storyboard in Resources */ = {isa = PBXBuildFile; fileRef = 828963C11AAF5BFD00B546F3 /* Main.storyboard */; };
		828963C51AAF5BFE00B546F3 /* Images.xcassets in Resources */ = {isa = PBXBuildFile; fileRef = 828963C41AAF5BFE00B546F3 /* Images.xcassets */; };
		828963C81AAF5BFE00B546F3 /* LaunchScreen.xib in Resources */ = {isa = PBXBuildFile; fileRef = 828963C61AAF5BFE00B546F3 /* LaunchScreen.xib */; };
		828963D41AAF5BFE00B546F3 /* SocializerTests.swift in Sources */ = {isa = PBXBuildFile; fileRef = 828963D31AAF5BFE00B546F3 /* SocializerTests.swift */; };
		828963FC1AAFBBA800B546F3 /* Dictionary+Swifter.swift in Sources */ = {isa = PBXBuildFile; fileRef = 828963DE1AAFBBA800B546F3 /* Dictionary+Swifter.swift */; };
		828963FD1AAFBBA800B546F3 /* Info.plist in Resources */ = {isa = PBXBuildFile; fileRef = 828963DF1AAFBBA800B546F3 /* Info.plist */; };
		828963FE1AAFBBA800B546F3 /* JSON.swift in Sources */ = {isa = PBXBuildFile; fileRef = 828963E01AAFBBA800B546F3 /* JSON.swift */; };
		828963FF1AAFBBA800B546F3 /* NSURL+Swifter.swift in Sources */ = {isa = PBXBuildFile; fileRef = 828963E11AAFBBA800B546F3 /* NSURL+Swifter.swift */; };
		828964001AAFBBA800B546F3 /* String+Swifter.swift in Sources */ = {isa = PBXBuildFile; fileRef = 828963E21AAFBBA800B546F3 /* String+Swifter.swift */; };
		828964011AAFBBA800B546F3 /* Swifter.swift in Sources */ = {isa = PBXBuildFile; fileRef = 828963E51AAFBBA800B546F3 /* Swifter.swift */; };
		828964021AAFBBA800B546F3 /* SwifterAccountsClient.swift in Sources */ = {isa = PBXBuildFile; fileRef = 828963E61AAFBBA800B546F3 /* SwifterAccountsClient.swift */; };
		828964031AAFBBA800B546F3 /* SwifterAppOnlyClient.swift in Sources */ = {isa = PBXBuildFile; fileRef = 828963E71AAFBBA800B546F3 /* SwifterAppOnlyClient.swift */; };
		828964041AAFBBA800B546F3 /* SwifterAuth.swift in Sources */ = {isa = PBXBuildFile; fileRef = 828963E81AAFBBA800B546F3 /* SwifterAuth.swift */; };
		828964051AAFBBA800B546F3 /* SwifterClientProtocol.swift in Sources */ = {isa = PBXBuildFile; fileRef = 828963E91AAFBBA800B546F3 /* SwifterClientProtocol.swift */; };
		828964061AAFBBA800B546F3 /* SwifterCredential.swift in Sources */ = {isa = PBXBuildFile; fileRef = 828963EA1AAFBBA800B546F3 /* SwifterCredential.swift */; };
		828964071AAFBBA800B546F3 /* SwifterFavorites.swift in Sources */ = {isa = PBXBuildFile; fileRef = 828963EB1AAFBBA800B546F3 /* SwifterFavorites.swift */; };
		828964081AAFBBA800B546F3 /* SwifterFollowers.swift in Sources */ = {isa = PBXBuildFile; fileRef = 828963EC1AAFBBA800B546F3 /* SwifterFollowers.swift */; };
		828964091AAFBBA800B546F3 /* SwifterHelp.swift in Sources */ = {isa = PBXBuildFile; fileRef = 828963ED1AAFBBA800B546F3 /* SwifterHelp.swift */; };
		8289640A1AAFBBA800B546F3 /* SwifterHTTPRequest.swift in Sources */ = {isa = PBXBuildFile; fileRef = 828963EE1AAFBBA800B546F3 /* SwifterHTTPRequest.swift */; };
		8289640B1AAFBBA800B546F3 /* SwifterLists.swift in Sources */ = {isa = PBXBuildFile; fileRef = 828963EF1AAFBBA800B546F3 /* SwifterLists.swift */; };
		8289640C1AAFBBA800B546F3 /* SwifterMessages.swift in Sources */ = {isa = PBXBuildFile; fileRef = 828963F01AAFBBA800B546F3 /* SwifterMessages.swift */; };
		8289640D1AAFBBA800B546F3 /* SwifterOAuthClient.swift in Sources */ = {isa = PBXBuildFile; fileRef = 828963F11AAFBBA800B546F3 /* SwifterOAuthClient.swift */; };
		8289640E1AAFBBA800B546F3 /* SwifterPlaces.swift in Sources */ = {isa = PBXBuildFile; fileRef = 828963F21AAFBBA800B546F3 /* SwifterPlaces.swift */; };
		8289640F1AAFBBA800B546F3 /* SwifterSavedSearches.swift in Sources */ = {isa = PBXBuildFile; fileRef = 828963F31AAFBBA800B546F3 /* SwifterSavedSearches.swift */; };
		828964101AAFBBA800B546F3 /* SwifterSearch.swift in Sources */ = {isa = PBXBuildFile; fileRef = 828963F41AAFBBA800B546F3 /* SwifterSearch.swift */; };
		828964111AAFBBA800B546F3 /* SwifterSpam.swift in Sources */ = {isa = PBXBuildFile; fileRef = 828963F51AAFBBA800B546F3 /* SwifterSpam.swift */; };
		828964121AAFBBA800B546F3 /* SwifterStreaming.swift in Sources */ = {isa = PBXBuildFile; fileRef = 828963F61AAFBBA800B546F3 /* SwifterStreaming.swift */; };
		828964131AAFBBA800B546F3 /* SwifterSuggested.swift in Sources */ = {isa = PBXBuildFile; fileRef = 828963F71AAFBBA800B546F3 /* SwifterSuggested.swift */; };
		828964141AAFBBA800B546F3 /* SwifterTimelines.swift in Sources */ = {isa = PBXBuildFile; fileRef = 828963F81AAFBBA800B546F3 /* SwifterTimelines.swift */; };
		828964151AAFBBA800B546F3 /* SwifterTrends.swift in Sources */ = {isa = PBXBuildFile; fileRef = 828963F91AAFBBA800B546F3 /* SwifterTrends.swift */; };
		828964161AAFBBA800B546F3 /* SwifterTweets.swift in Sources */ = {isa = PBXBuildFile; fileRef = 828963FA1AAFBBA800B546F3 /* SwifterTweets.swift */; };
		828964171AAFBBA800B546F3 /* SwifterUsers.swift in Sources */ = {isa = PBXBuildFile; fileRef = 828963FB1AAFBBA800B546F3 /* SwifterUsers.swift */; };
		8289641B1AAFC5BF00B546F3 /* ObjcC.m in Sources */ = {isa = PBXBuildFile; fileRef = 8289641A1AAFC5BF00B546F3 /* ObjcC.m */; };
		8289641C1AAFC5BF00B546F3 /* ObjcC.m in Sources */ = {isa = PBXBuildFile; fileRef = 8289641A1AAFC5BF00B546F3 /* ObjcC.m */; };
/* End PBXBuildFile section */

/* Begin PBXContainerItemProxy section */
		828963CE1AAF5BFE00B546F3 /* PBXContainerItemProxy */ = {
			isa = PBXContainerItemProxy;
			containerPortal = 828963AE1AAF5BFD00B546F3 /* Project object */;
			proxyType = 1;
			remoteGlobalIDString = 828963B51AAF5BFD00B546F3;
			remoteInfo = Socializer;
		};
/* End PBXContainerItemProxy section */

/* Begin PBXFileReference section */
		24EED8341AD9302F00D3C7C5 /* Parser.swift */ = {isa = PBXFileReference; fileEncoding = 4; lastKnownFileType = sourcecode.swift; path = Parser.swift; sourceTree = "<group>"; };
		24EED8371ADBCB9600D3C7C5 /* MediaViewController.swift */ = {isa = PBXFileReference; fileEncoding = 4; lastKnownFileType = sourcecode.swift; path = MediaViewController.swift; sourceTree = "<group>"; };
		40D277121ADD925D007D5594 /* NetworkingOperations.swift */ = {isa = PBXFileReference; fileEncoding = 4; lastKnownFileType = sourcecode.swift; path = NetworkingOperations.swift; sourceTree = "<group>"; };
		828963B61AAF5BFD00B546F3 /* Socializer.app */ = {isa = PBXFileReference; explicitFileType = wrapper.application; includeInIndex = 0; path = Socializer.app; sourceTree = BUILT_PRODUCTS_DIR; };
		828963BA1AAF5BFD00B546F3 /* Info.plist */ = {isa = PBXFileReference; lastKnownFileType = text.plist.xml; path = Info.plist; sourceTree = "<group>"; };
		828963BB1AAF5BFD00B546F3 /* AppDelegate.swift */ = {isa = PBXFileReference; lastKnownFileType = sourcecode.swift; path = AppDelegate.swift; sourceTree = "<group>"; };
		828963BD1AAF5BFD00B546F3 /* FacebookViewController.swift */ = {isa = PBXFileReference; lastKnownFileType = sourcecode.swift; path = FacebookViewController.swift; sourceTree = "<group>"; };
		828963BF1AAF5BFD00B546F3 /* TwitterViewController.swift */ = {isa = PBXFileReference; lastKnownFileType = sourcecode.swift; path = TwitterViewController.swift; sourceTree = "<group>"; };
		828963C21AAF5BFD00B546F3 /* Base */ = {isa = PBXFileReference; lastKnownFileType = file.storyboard; name = Base; path = Base.lproj/Main.storyboard; sourceTree = "<group>"; };
		828963C41AAF5BFE00B546F3 /* Images.xcassets */ = {isa = PBXFileReference; lastKnownFileType = folder.assetcatalog; path = Images.xcassets; sourceTree = "<group>"; };
		828963C71AAF5BFE00B546F3 /* Base */ = {isa = PBXFileReference; lastKnownFileType = file.xib; name = Base; path = Base.lproj/LaunchScreen.xib; sourceTree = "<group>"; };
		828963CD1AAF5BFE00B546F3 /* SocializerTests.xctest */ = {isa = PBXFileReference; explicitFileType = wrapper.cfbundle; includeInIndex = 0; path = SocializerTests.xctest; sourceTree = BUILT_PRODUCTS_DIR; };
		828963D21AAF5BFE00B546F3 /* Info.plist */ = {isa = PBXFileReference; lastKnownFileType = text.plist.xml; path = Info.plist; sourceTree = "<group>"; };
		828963D31AAF5BFE00B546F3 /* SocializerTests.swift */ = {isa = PBXFileReference; lastKnownFileType = sourcecode.swift; path = SocializerTests.swift; sourceTree = "<group>"; };
		828963DE1AAFBBA800B546F3 /* Dictionary+Swifter.swift */ = {isa = PBXFileReference; fileEncoding = 4; lastKnownFileType = sourcecode.swift; path = "Dictionary+Swifter.swift"; sourceTree = "<group>"; };
		828963DF1AAFBBA800B546F3 /* Info.plist */ = {isa = PBXFileReference; fileEncoding = 4; lastKnownFileType = text.plist.xml; path = Info.plist; sourceTree = "<group>"; };
		828963E01AAFBBA800B546F3 /* JSON.swift */ = {isa = PBXFileReference; fileEncoding = 4; lastKnownFileType = sourcecode.swift; path = JSON.swift; sourceTree = "<group>"; };
		828963E11AAFBBA800B546F3 /* NSURL+Swifter.swift */ = {isa = PBXFileReference; fileEncoding = 4; lastKnownFileType = sourcecode.swift; path = "NSURL+Swifter.swift"; sourceTree = "<group>"; };
		828963E21AAFBBA800B546F3 /* String+Swifter.swift */ = {isa = PBXFileReference; fileEncoding = 4; lastKnownFileType = sourcecode.swift; path = "String+Swifter.swift"; sourceTree = "<group>"; };
		828963E31AAFBBA800B546F3 /* Swifter-Bridging-Header.h */ = {isa = PBXFileReference; fileEncoding = 4; lastKnownFileType = sourcecode.c.h; path = "Swifter-Bridging-Header.h"; sourceTree = "<group>"; };
		828963E41AAFBBA800B546F3 /* Swifter.h */ = {isa = PBXFileReference; fileEncoding = 4; lastKnownFileType = sourcecode.c.h; path = Swifter.h; sourceTree = "<group>"; };
		828963E51AAFBBA800B546F3 /* Swifter.swift */ = {isa = PBXFileReference; fileEncoding = 4; lastKnownFileType = sourcecode.swift; path = Swifter.swift; sourceTree = "<group>"; };
		828963E61AAFBBA800B546F3 /* SwifterAccountsClient.swift */ = {isa = PBXFileReference; fileEncoding = 4; lastKnownFileType = sourcecode.swift; path = SwifterAccountsClient.swift; sourceTree = "<group>"; };
		828963E71AAFBBA800B546F3 /* SwifterAppOnlyClient.swift */ = {isa = PBXFileReference; fileEncoding = 4; lastKnownFileType = sourcecode.swift; path = SwifterAppOnlyClient.swift; sourceTree = "<group>"; };
		828963E81AAFBBA800B546F3 /* SwifterAuth.swift */ = {isa = PBXFileReference; fileEncoding = 4; lastKnownFileType = sourcecode.swift; path = SwifterAuth.swift; sourceTree = "<group>"; };
		828963E91AAFBBA800B546F3 /* SwifterClientProtocol.swift */ = {isa = PBXFileReference; fileEncoding = 4; lastKnownFileType = sourcecode.swift; path = SwifterClientProtocol.swift; sourceTree = "<group>"; };
		828963EA1AAFBBA800B546F3 /* SwifterCredential.swift */ = {isa = PBXFileReference; fileEncoding = 4; lastKnownFileType = sourcecode.swift; path = SwifterCredential.swift; sourceTree = "<group>"; };
		828963EB1AAFBBA800B546F3 /* SwifterFavorites.swift */ = {isa = PBXFileReference; fileEncoding = 4; lastKnownFileType = sourcecode.swift; path = SwifterFavorites.swift; sourceTree = "<group>"; };
		828963EC1AAFBBA800B546F3 /* SwifterFollowers.swift */ = {isa = PBXFileReference; fileEncoding = 4; lastKnownFileType = sourcecode.swift; path = SwifterFollowers.swift; sourceTree = "<group>"; };
		828963ED1AAFBBA800B546F3 /* SwifterHelp.swift */ = {isa = PBXFileReference; fileEncoding = 4; lastKnownFileType = sourcecode.swift; path = SwifterHelp.swift; sourceTree = "<group>"; };
		828963EE1AAFBBA800B546F3 /* SwifterHTTPRequest.swift */ = {isa = PBXFileReference; fileEncoding = 4; lastKnownFileType = sourcecode.swift; path = SwifterHTTPRequest.swift; sourceTree = "<group>"; };
		828963EF1AAFBBA800B546F3 /* SwifterLists.swift */ = {isa = PBXFileReference; fileEncoding = 4; lastKnownFileType = sourcecode.swift; path = SwifterLists.swift; sourceTree = "<group>"; };
		828963F01AAFBBA800B546F3 /* SwifterMessages.swift */ = {isa = PBXFileReference; fileEncoding = 4; lastKnownFileType = sourcecode.swift; path = SwifterMessages.swift; sourceTree = "<group>"; };
		828963F11AAFBBA800B546F3 /* SwifterOAuthClient.swift */ = {isa = PBXFileReference; fileEncoding = 4; lastKnownFileType = sourcecode.swift; path = SwifterOAuthClient.swift; sourceTree = "<group>"; };
		828963F21AAFBBA800B546F3 /* SwifterPlaces.swift */ = {isa = PBXFileReference; fileEncoding = 4; lastKnownFileType = sourcecode.swift; path = SwifterPlaces.swift; sourceTree = "<group>"; };
		828963F31AAFBBA800B546F3 /* SwifterSavedSearches.swift */ = {isa = PBXFileReference; fileEncoding = 4; lastKnownFileType = sourcecode.swift; path = SwifterSavedSearches.swift; sourceTree = "<group>"; };
		828963F41AAFBBA800B546F3 /* SwifterSearch.swift */ = {isa = PBXFileReference; fileEncoding = 4; lastKnownFileType = sourcecode.swift; path = SwifterSearch.swift; sourceTree = "<group>"; };
		828963F51AAFBBA800B546F3 /* SwifterSpam.swift */ = {isa = PBXFileReference; fileEncoding = 4; lastKnownFileType = sourcecode.swift; path = SwifterSpam.swift; sourceTree = "<group>"; };
		828963F61AAFBBA800B546F3 /* SwifterStreaming.swift */ = {isa = PBXFileReference; fileEncoding = 4; lastKnownFileType = sourcecode.swift; path = SwifterStreaming.swift; sourceTree = "<group>"; };
		828963F71AAFBBA800B546F3 /* SwifterSuggested.swift */ = {isa = PBXFileReference; fileEncoding = 4; lastKnownFileType = sourcecode.swift; path = SwifterSuggested.swift; sourceTree = "<group>"; };
		828963F81AAFBBA800B546F3 /* SwifterTimelines.swift */ = {isa = PBXFileReference; fileEncoding = 4; lastKnownFileType = sourcecode.swift; path = SwifterTimelines.swift; sourceTree = "<group>"; };
		828963F91AAFBBA800B546F3 /* SwifterTrends.swift */ = {isa = PBXFileReference; fileEncoding = 4; lastKnownFileType = sourcecode.swift; path = SwifterTrends.swift; sourceTree = "<group>"; };
		828963FA1AAFBBA800B546F3 /* SwifterTweets.swift */ = {isa = PBXFileReference; fileEncoding = 4; lastKnownFileType = sourcecode.swift; path = SwifterTweets.swift; sourceTree = "<group>"; };
		828963FB1AAFBBA800B546F3 /* SwifterUsers.swift */ = {isa = PBXFileReference; fileEncoding = 4; lastKnownFileType = sourcecode.swift; path = SwifterUsers.swift; sourceTree = "<group>"; };
		828964181AAFC5BE00B546F3 /* Socializer-Bridging-Header.h */ = {isa = PBXFileReference; lastKnownFileType = sourcecode.c.h; path = "Socializer-Bridging-Header.h"; sourceTree = "<group>"; };
		828964191AAFC5BE00B546F3 /* SocializerTests-Bridging-Header.h */ = {isa = PBXFileReference; lastKnownFileType = sourcecode.c.h; path = "SocializerTests-Bridging-Header.h"; sourceTree = "<group>"; };
		8289641A1AAFC5BF00B546F3 /* ObjcC.m */ = {isa = PBXFileReference; fileEncoding = 4; lastKnownFileType = sourcecode.c.objc; path = ObjcC.m; sourceTree = "<group>"; };
/* End PBXFileReference section */

/* Begin PBXFrameworksBuildPhase section */
		828963B31AAF5BFD00B546F3 /* Frameworks */ = {
			isa = PBXFrameworksBuildPhase;
			buildActionMask = 2147483647;
			files = (
			);
			runOnlyForDeploymentPostprocessing = 0;
		};
		828963CA1AAF5BFE00B546F3 /* Frameworks */ = {
			isa = PBXFrameworksBuildPhase;
			buildActionMask = 2147483647;
			files = (
			);
			runOnlyForDeploymentPostprocessing = 0;
		};
/* End PBXFrameworksBuildPhase section */

/* Begin PBXGroup section */
		828963AD1AAF5BFD00B546F3 = {
			isa = PBXGroup;
			children = (
				8289641A1AAFC5BF00B546F3 /* ObjcC.m */,
				828963B81AAF5BFD00B546F3 /* Socializer */,
				828963D01AAF5BFE00B546F3 /* SocializerTests */,
				828963B71AAF5BFD00B546F3 /* Products */,
				828964181AAFC5BE00B546F3 /* Socializer-Bridging-Header.h */,
				828964191AAFC5BE00B546F3 /* SocializerTests-Bridging-Header.h */,
			);
			sourceTree = "<group>";
		};
		828963B71AAF5BFD00B546F3 /* Products */ = {
			isa = PBXGroup;
			children = (
				828963B61AAF5BFD00B546F3 /* Socializer.app */,
				828963CD1AAF5BFE00B546F3 /* SocializerTests.xctest */,
			);
			name = Products;
			sourceTree = "<group>";
		};
		828963B81AAF5BFD00B546F3 /* Socializer */ = {
			isa = PBXGroup;
			children = (
				828963DD1AAFBBA800B546F3 /* Swifter */,
				828963BB1AAF5BFD00B546F3 /* AppDelegate.swift */,
				828963BD1AAF5BFD00B546F3 /* FacebookViewController.swift */,
				828963BF1AAF5BFD00B546F3 /* TwitterViewController.swift */,
				40D277121ADD925D007D5594 /* NetworkingOperations.swift */,
				24EED8341AD9302F00D3C7C5 /* Parser.swift */,
				828963C11AAF5BFD00B546F3 /* Main.storyboard */,
				24EED8371ADBCB9600D3C7C5 /* MediaViewController.swift */,
				828963C41AAF5BFE00B546F3 /* Images.xcassets */,
				828963C61AAF5BFE00B546F3 /* LaunchScreen.xib */,
				828963B91AAF5BFD00B546F3 /* Supporting Files */,
			);
			path = Socializer;
			sourceTree = "<group>";
		};
		828963B91AAF5BFD00B546F3 /* Supporting Files */ = {
			isa = PBXGroup;
			children = (
				828963BA1AAF5BFD00B546F3 /* Info.plist */,
			);
			name = "Supporting Files";
			sourceTree = "<group>";
		};
		828963D01AAF5BFE00B546F3 /* SocializerTests */ = {
			isa = PBXGroup;
			children = (
				828963D31AAF5BFE00B546F3 /* SocializerTests.swift */,
				828963D11AAF5BFE00B546F3 /* Supporting Files */,
			);
			path = SocializerTests;
			sourceTree = "<group>";
		};
		828963D11AAF5BFE00B546F3 /* Supporting Files */ = {
			isa = PBXGroup;
			children = (
				828963D21AAF5BFE00B546F3 /* Info.plist */,
			);
			name = "Supporting Files";
			sourceTree = "<group>";
		};
		828963DD1AAFBBA800B546F3 /* Swifter */ = {
			isa = PBXGroup;
			children = (
				828963DE1AAFBBA800B546F3 /* Dictionary+Swifter.swift */,
				828963DF1AAFBBA800B546F3 /* Info.plist */,
				828963E01AAFBBA800B546F3 /* JSON.swift */,
				828963E11AAFBBA800B546F3 /* NSURL+Swifter.swift */,
				828963E21AAFBBA800B546F3 /* String+Swifter.swift */,
				828963E31AAFBBA800B546F3 /* Swifter-Bridging-Header.h */,
				828963E41AAFBBA800B546F3 /* Swifter.h */,
				828963E51AAFBBA800B546F3 /* Swifter.swift */,
				828963E61AAFBBA800B546F3 /* SwifterAccountsClient.swift */,
				828963E71AAFBBA800B546F3 /* SwifterAppOnlyClient.swift */,
				828963E81AAFBBA800B546F3 /* SwifterAuth.swift */,
				828963E91AAFBBA800B546F3 /* SwifterClientProtocol.swift */,
				828963EA1AAFBBA800B546F3 /* SwifterCredential.swift */,
				828963EB1AAFBBA800B546F3 /* SwifterFavorites.swift */,
				828963EC1AAFBBA800B546F3 /* SwifterFollowers.swift */,
				828963ED1AAFBBA800B546F3 /* SwifterHelp.swift */,
				828963EE1AAFBBA800B546F3 /* SwifterHTTPRequest.swift */,
				828963EF1AAFBBA800B546F3 /* SwifterLists.swift */,
				828963F01AAFBBA800B546F3 /* SwifterMessages.swift */,
				828963F11AAFBBA800B546F3 /* SwifterOAuthClient.swift */,
				828963F21AAFBBA800B546F3 /* SwifterPlaces.swift */,
				828963F31AAFBBA800B546F3 /* SwifterSavedSearches.swift */,
				828963F41AAFBBA800B546F3 /* SwifterSearch.swift */,
				828963F51AAFBBA800B546F3 /* SwifterSpam.swift */,
				828963F61AAFBBA800B546F3 /* SwifterStreaming.swift */,
				828963F71AAFBBA800B546F3 /* SwifterSuggested.swift */,
				828963F81AAFBBA800B546F3 /* SwifterTimelines.swift */,
				828963F91AAFBBA800B546F3 /* SwifterTrends.swift */,
				828963FA1AAFBBA800B546F3 /* SwifterTweets.swift */,
				828963FB1AAFBBA800B546F3 /* SwifterUsers.swift */,
			);
			path = Swifter;
			sourceTree = "<group>";
		};
/* End PBXGroup section */

/* Begin PBXNativeTarget section */
		828963B51AAF5BFD00B546F3 /* Socializer */ = {
			isa = PBXNativeTarget;
			buildConfigurationList = 828963D71AAF5BFE00B546F3 /* Build configuration list for PBXNativeTarget "Socializer" */;
			buildPhases = (
				828963B21AAF5BFD00B546F3 /* Sources */,
				828963B31AAF5BFD00B546F3 /* Frameworks */,
				828963B41AAF5BFD00B546F3 /* Resources */,
			);
			buildRules = (
			);
			dependencies = (
			);
			name = Socializer;
			productName = Socializer;
			productReference = 828963B61AAF5BFD00B546F3 /* Socializer.app */;
			productType = "com.apple.product-type.application";
		};
		828963CC1AAF5BFE00B546F3 /* SocializerTests */ = {
			isa = PBXNativeTarget;
			buildConfigurationList = 828963DA1AAF5BFE00B546F3 /* Build configuration list for PBXNativeTarget "SocializerTests" */;
			buildPhases = (
				828963C91AAF5BFE00B546F3 /* Sources */,
				828963CA1AAF5BFE00B546F3 /* Frameworks */,
				828963CB1AAF5BFE00B546F3 /* Resources */,
			);
			buildRules = (
			);
			dependencies = (
				828963CF1AAF5BFE00B546F3 /* PBXTargetDependency */,
			);
			name = SocializerTests;
			productName = SocializerTests;
			productReference = 828963CD1AAF5BFE00B546F3 /* SocializerTests.xctest */;
			productType = "com.apple.product-type.bundle.unit-test";
		};
/* End PBXNativeTarget section */

/* Begin PBXProject section */
		828963AE1AAF5BFD00B546F3 /* Project object */ = {
			isa = PBXProject;
			attributes = {
				LastUpgradeCheck = 0620;
				ORGANIZATIONNAME = "Janusz Chudzynski";
				TargetAttributes = {
					828963B51AAF5BFD00B546F3 = {
						CreatedOnToolsVersion = 6.2;
					};
					828963CC1AAF5BFE00B546F3 = {
						CreatedOnToolsVersion = 6.2;
						TestTargetID = 828963B51AAF5BFD00B546F3;
					};
				};
			};
			buildConfigurationList = 828963B11AAF5BFD00B546F3 /* Build configuration list for PBXProject "Socializer" */;
			compatibilityVersion = "Xcode 3.2";
			developmentRegion = English;
			hasScannedForEncodings = 0;
			knownRegions = (
				en,
				Base,
			);
			mainGroup = 828963AD1AAF5BFD00B546F3;
			productRefGroup = 828963B71AAF5BFD00B546F3 /* Products */;
			projectDirPath = "";
			projectRoot = "";
			targets = (
				828963B51AAF5BFD00B546F3 /* Socializer */,
				828963CC1AAF5BFE00B546F3 /* SocializerTests */,
			);
		};
/* End PBXProject section */

/* Begin PBXResourcesBuildPhase section */
		828963B41AAF5BFD00B546F3 /* Resources */ = {
			isa = PBXResourcesBuildPhase;
			buildActionMask = 2147483647;
			files = (
				828963FD1AAFBBA800B546F3 /* Info.plist in Resources */,
				828963C31AAF5BFD00B546F3 /* Main.storyboard in Resources */,
				828963C81AAF5BFE00B546F3 /* LaunchScreen.xib in Resources */,
				828963C51AAF5BFE00B546F3 /* Images.xcassets in Resources */,
			);
			runOnlyForDeploymentPostprocessing = 0;
		};
		828963CB1AAF5BFE00B546F3 /* Resources */ = {
			isa = PBXResourcesBuildPhase;
			buildActionMask = 2147483647;
			files = (
			);
			runOnlyForDeploymentPostprocessing = 0;
		};
/* End PBXResourcesBuildPhase section */

/* Begin PBXSourcesBuildPhase section */
		828963B21AAF5BFD00B546F3 /* Sources */ = {
			isa = PBXSourcesBuildPhase;
			buildActionMask = 2147483647;
			files = (
				8289640A1AAFBBA800B546F3 /* SwifterHTTPRequest.swift in Sources */,
				828964121AAFBBA800B546F3 /* SwifterStreaming.swift in Sources */,
				828964141AAFBBA800B546F3 /* SwifterTimelines.swift in Sources */,
				828963FC1AAFBBA800B546F3 /* Dictionary+Swifter.swift in Sources */,
				8289640F1AAFBBA800B546F3 /* SwifterSavedSearches.swift in Sources */,
				8289640E1AAFBBA800B546F3 /* SwifterPlaces.swift in Sources */,
				828964161AAFBBA800B546F3 /* SwifterTweets.swift in Sources */,
				8289641B1AAFC5BF00B546F3 /* ObjcC.m in Sources */,
				828964031AAFBBA800B546F3 /* SwifterAppOnlyClient.swift in Sources */,
				828963FF1AAFBBA800B546F3 /* NSURL+Swifter.swift in Sources */,
				828963FE1AAFBBA800B546F3 /* JSON.swift in Sources */,
				828964041AAFBBA800B546F3 /* SwifterAuth.swift in Sources */,
				828963C01AAF5BFD00B546F3 /* TwitterViewController.swift in Sources */,
				828964111AAFBBA800B546F3 /* SwifterSpam.swift in Sources */,
				828964011AAFBBA800B546F3 /* Swifter.swift in Sources */,
				828964081AAFBBA800B546F3 /* SwifterFollowers.swift in Sources */,
				828963BC1AAF5BFD00B546F3 /* AppDelegate.swift in Sources */,
				8289640C1AAFBBA800B546F3 /* SwifterMessages.swift in Sources */,
				828964091AAFBBA800B546F3 /* SwifterHelp.swift in Sources */,
				828963BE1AAF5BFD00B546F3 /* FacebookViewController.swift in Sources */,
				24EED8351AD9302F00D3C7C5 /* Parser.swift in Sources */,
				828964151AAFBBA800B546F3 /* SwifterTrends.swift in Sources */,
				8289640B1AAFBBA800B546F3 /* SwifterLists.swift in Sources */,
				828964061AAFBBA800B546F3 /* SwifterCredential.swift in Sources */,
				828964071AAFBBA800B546F3 /* SwifterFavorites.swift in Sources */,
				40D277131ADD925D007D5594 /* NetworkingOperations.swift in Sources */,
				828964101AAFBBA800B546F3 /* SwifterSearch.swift in Sources */,
				828964001AAFBBA800B546F3 /* String+Swifter.swift in Sources */,
				828964171AAFBBA800B546F3 /* SwifterUsers.swift in Sources */,
				828964131AAFBBA800B546F3 /* SwifterSuggested.swift in Sources */,
				828964021AAFBBA800B546F3 /* SwifterAccountsClient.swift in Sources */,
				828964051AAFBBA800B546F3 /* SwifterClientProtocol.swift in Sources */,
				24EED8381ADBCB9600D3C7C5 /* MediaViewController.swift in Sources */,
				8289640D1AAFBBA800B546F3 /* SwifterOAuthClient.swift in Sources */,
			);
			runOnlyForDeploymentPostprocessing = 0;
		};
		828963C91AAF5BFE00B546F3 /* Sources */ = {
			isa = PBXSourcesBuildPhase;
			buildActionMask = 2147483647;
			files = (
				24D789CC1AD2A0670066405D /* SwifterHTTPRequest.swift in Sources */,
				24D789D41AD2A0670066405D /* SwifterStreaming.swift in Sources */,
				24D789D61AD2A0670066405D /* SwifterTimelines.swift in Sources */,
				24D789BF1AD2A04D0066405D /* Dictionary+Swifter.swift in Sources */,
				24D789D11AD2A0670066405D /* SwifterSavedSearches.swift in Sources */,
				24D789D01AD2A0670066405D /* SwifterPlaces.swift in Sources */,
				24D789D81AD2A0670066405D /* SwifterTweets.swift in Sources */,
				40D277141ADD926A007D5594 /* NetworkingOperations.swift in Sources */,
				24D789C51AD2A0670066405D /* SwifterAppOnlyClient.swift in Sources */,
				24D789C11AD2A05A0066405D /* NSURL+Swifter.swift in Sources */,
				24D789C01AD2A05A0066405D /* JSON.swift in Sources */,
				24D789C61AD2A0670066405D /* SwifterAuth.swift in Sources */,
				249FEA2B1AD29EC2009A05AB /* TwitterViewController.swift in Sources */,
				24D789D31AD2A0670066405D /* SwifterSpam.swift in Sources */,
				24D789C31AD2A0670066405D /* Swifter.swift in Sources */,
				24D789CA1AD2A0670066405D /* SwifterFollowers.swift in Sources */,
				828963D41AAF5BFE00B546F3 /* SocializerTests.swift in Sources */,
				24D789CE1AD2A0670066405D /* SwifterMessages.swift in Sources */,
				24EED8361AD9306400D3C7C5 /* Parser.swift in Sources */,
				24D789CB1AD2A0670066405D /* SwifterHelp.swift in Sources */,
				24EED8391ADCC19D00D3C7C5 /* MediaViewController.swift in Sources */,
				8289641C1AAFC5BF00B546F3 /* ObjcC.m in Sources */,
				24D789D71AD2A0670066405D /* SwifterTrends.swift in Sources */,
				24D789CD1AD2A0670066405D /* SwifterLists.swift in Sources */,
				24D789C81AD2A0670066405D /* SwifterCredential.swift in Sources */,
				24D789C91AD2A0670066405D /* SwifterFavorites.swift in Sources */,
				24D789D21AD2A0670066405D /* SwifterSearch.swift in Sources */,
				24D789C21AD2A05A0066405D /* String+Swifter.swift in Sources */,
				24D789D91AD2A0670066405D /* SwifterUsers.swift in Sources */,
				24D789D51AD2A0670066405D /* SwifterSuggested.swift in Sources */,
				24D789C41AD2A0670066405D /* SwifterAccountsClient.swift in Sources */,
				24D789C71AD2A0670066405D /* SwifterClientProtocol.swift in Sources */,
				24D789CF1AD2A0670066405D /* SwifterOAuthClient.swift in Sources */,
			);
			runOnlyForDeploymentPostprocessing = 0;
		};
/* End PBXSourcesBuildPhase section */

/* Begin PBXTargetDependency section */
		828963CF1AAF5BFE00B546F3 /* PBXTargetDependency */ = {
			isa = PBXTargetDependency;
			target = 828963B51AAF5BFD00B546F3 /* Socializer */;
			targetProxy = 828963CE1AAF5BFE00B546F3 /* PBXContainerItemProxy */;
		};
/* End PBXTargetDependency section */

/* Begin PBXVariantGroup section */
		828963C11AAF5BFD00B546F3 /* Main.storyboard */ = {
			isa = PBXVariantGroup;
			children = (
				828963C21AAF5BFD00B546F3 /* Base */,
			);
			name = Main.storyboard;
			sourceTree = "<group>";
		};
		828963C61AAF5BFE00B546F3 /* LaunchScreen.xib */ = {
			isa = PBXVariantGroup;
			children = (
				828963C71AAF5BFE00B546F3 /* Base */,
			);
			name = LaunchScreen.xib;
			sourceTree = "<group>";
		};
/* End PBXVariantGroup section */

/* Begin XCBuildConfiguration section */
		828963D51AAF5BFE00B546F3 /* Debug */ = {
			isa = XCBuildConfiguration;
			buildSettings = {
				ALWAYS_SEARCH_USER_PATHS = NO;
				CLANG_CXX_LANGUAGE_STANDARD = "gnu++0x";
				CLANG_CXX_LIBRARY = "libc++";
				CLANG_ENABLE_MODULES = YES;
				CLANG_ENABLE_OBJC_ARC = YES;
				CLANG_WARN_BOOL_CONVERSION = YES;
				CLANG_WARN_CONSTANT_CONVERSION = YES;
				CLANG_WARN_DIRECT_OBJC_ISA_USAGE = YES_ERROR;
				CLANG_WARN_EMPTY_BODY = YES;
				CLANG_WARN_ENUM_CONVERSION = YES;
				CLANG_WARN_INT_CONVERSION = YES;
				CLANG_WARN_OBJC_ROOT_CLASS = YES_ERROR;
				CLANG_WARN_UNREACHABLE_CODE = YES;
				CLANG_WARN__DUPLICATE_METHOD_MATCH = YES;
				"CODE_SIGN_IDENTITY[sdk=iphoneos*]" = "iPhone Developer";
				COPY_PHASE_STRIP = NO;
				ENABLE_STRICT_OBJC_MSGSEND = YES;
				GCC_C_LANGUAGE_STANDARD = gnu99;
				GCC_DYNAMIC_NO_PIC = NO;
				GCC_OPTIMIZATION_LEVEL = 0;
				GCC_PREPROCESSOR_DEFINITIONS = (
					"DEBUG=1",
					"$(inherited)",
				);
				GCC_SYMBOLS_PRIVATE_EXTERN = NO;
				GCC_WARN_64_TO_32_BIT_CONVERSION = YES;
				GCC_WARN_ABOUT_RETURN_TYPE = YES_ERROR;
				GCC_WARN_UNDECLARED_SELECTOR = YES;
				GCC_WARN_UNINITIALIZED_AUTOS = YES_AGGRESSIVE;
				GCC_WARN_UNUSED_FUNCTION = YES;
				GCC_WARN_UNUSED_VARIABLE = YES;
				IPHONEOS_DEPLOYMENT_TARGET = 8.2;
				MTL_ENABLE_DEBUG_INFO = YES;
				ONLY_ACTIVE_ARCH = YES;
				SDKROOT = iphoneos;
				SWIFT_OPTIMIZATION_LEVEL = "-Onone";
			};
			name = Debug;
		};
		828963D61AAF5BFE00B546F3 /* Release */ = {
			isa = XCBuildConfiguration;
			buildSettings = {
				ALWAYS_SEARCH_USER_PATHS = NO;
				CLANG_CXX_LANGUAGE_STANDARD = "gnu++0x";
				CLANG_CXX_LIBRARY = "libc++";
				CLANG_ENABLE_MODULES = YES;
				CLANG_ENABLE_OBJC_ARC = YES;
				CLANG_WARN_BOOL_CONVERSION = YES;
				CLANG_WARN_CONSTANT_CONVERSION = YES;
				CLANG_WARN_DIRECT_OBJC_ISA_USAGE = YES_ERROR;
				CLANG_WARN_EMPTY_BODY = YES;
				CLANG_WARN_ENUM_CONVERSION = YES;
				CLANG_WARN_INT_CONVERSION = YES;
				CLANG_WARN_OBJC_ROOT_CLASS = YES_ERROR;
				CLANG_WARN_UNREACHABLE_CODE = YES;
				CLANG_WARN__DUPLICATE_METHOD_MATCH = YES;
				"CODE_SIGN_IDENTITY[sdk=iphoneos*]" = "iPhone Developer";
				COPY_PHASE_STRIP = NO;
				ENABLE_NS_ASSERTIONS = NO;
				ENABLE_STRICT_OBJC_MSGSEND = YES;
				GCC_C_LANGUAGE_STANDARD = gnu99;
				GCC_WARN_64_TO_32_BIT_CONVERSION = YES;
				GCC_WARN_ABOUT_RETURN_TYPE = YES_ERROR;
				GCC_WARN_UNDECLARED_SELECTOR = YES;
				GCC_WARN_UNINITIALIZED_AUTOS = YES_AGGRESSIVE;
				GCC_WARN_UNUSED_FUNCTION = YES;
				GCC_WARN_UNUSED_VARIABLE = YES;
				IPHONEOS_DEPLOYMENT_TARGET = 8.2;
				MTL_ENABLE_DEBUG_INFO = NO;
				SDKROOT = iphoneos;
				VALIDATE_PRODUCT = YES;
			};
			name = Release;
		};
		828963D81AAF5BFE00B546F3 /* Debug */ = {
			isa = XCBuildConfiguration;
			buildSettings = {
				ASSETCATALOG_COMPILER_APPICON_NAME = AppIcon;
				CLANG_ENABLE_MODULES = YES;
				INFOPLIST_FILE = Socializer/Info.plist;
				LD_RUNPATH_SEARCH_PATHS = "$(inherited) @executable_path/Frameworks";
				PRODUCT_NAME = "$(TARGET_NAME)";
				SWIFT_OBJC_BRIDGING_HEADER = "Socializer-Bridging-Header.h";
				SWIFT_OPTIMIZATION_LEVEL = "-Onone";
			};
			name = Debug;
		};
		828963D91AAF5BFE00B546F3 /* Release */ = {
			isa = XCBuildConfiguration;
			buildSettings = {
				ASSETCATALOG_COMPILER_APPICON_NAME = AppIcon;
				CLANG_ENABLE_MODULES = YES;
				INFOPLIST_FILE = Socializer/Info.plist;
				LD_RUNPATH_SEARCH_PATHS = "$(inherited) @executable_path/Frameworks";
				PRODUCT_NAME = "$(TARGET_NAME)";
				SWIFT_OBJC_BRIDGING_HEADER = "Socializer-Bridging-Header.h";
			};
			name = Release;
		};
		828963DB1AAF5BFE00B546F3 /* Debug */ = {
			isa = XCBuildConfiguration;
			buildSettings = {
				BUNDLE_LOADER = "$(TEST_HOST)";
				CLANG_ENABLE_MODULES = YES;
				FRAMEWORK_SEARCH_PATHS = (
					"$(SDKROOT)/Developer/Library/Frameworks",
					"$(inherited)",
				);
				GCC_PREPROCESSOR_DEFINITIONS = (
					"DEBUG=1",
					"$(inherited)",
				);
				INFOPLIST_FILE = SocializerTests/Info.plist;
				LD_RUNPATH_SEARCH_PATHS = "$(inherited) @executable_path/Frameworks @loader_path/Frameworks";
				PRODUCT_NAME = "$(TARGET_NAME)";
				SWIFT_OBJC_BRIDGING_HEADER = "SocializerTests-Bridging-Header.h";
				SWIFT_OPTIMIZATION_LEVEL = "-Onone";
				TEST_HOST = "$(BUILT_PRODUCTS_DIR)/Socializer.app/Socializer";
			};
			name = Debug;
		};
		828963DC1AAF5BFE00B546F3 /* Release */ = {
			isa = XCBuildConfiguration;
			buildSettings = {
				BUNDLE_LOADER = "$(TEST_HOST)";
				CLANG_ENABLE_MODULES = YES;
				FRAMEWORK_SEARCH_PATHS = (
					"$(SDKROOT)/Developer/Library/Frameworks",
					"$(inherited)",
				);
				INFOPLIST_FILE = SocializerTests/Info.plist;
				LD_RUNPATH_SEARCH_PATHS = "$(inherited) @executable_path/Frameworks @loader_path/Frameworks";
				PRODUCT_NAME = "$(TARGET_NAME)";
				SWIFT_OBJC_BRIDGING_HEADER = "SocializerTests-Bridging-Header.h";
				TEST_HOST = "$(BUILT_PRODUCTS_DIR)/Socializer.app/Socializer";
			};
			name = Release;
		};
/* End XCBuildConfiguration section */

/* Begin XCConfigurationList section */
		828963B11AAF5BFD00B546F3 /* Build configuration list for PBXProject "Socializer" */ = {
			isa = XCConfigurationList;
			buildConfigurations = (
				828963D51AAF5BFE00B546F3 /* Debug */,
				828963D61AAF5BFE00B546F3 /* Release */,
			);
			defaultConfigurationIsVisible = 0;
			defaultConfigurationName = Release;
		};
		828963D71AAF5BFE00B546F3 /* Build configuration list for PBXNativeTarget "Socializer" */ = {
			isa = XCConfigurationList;
			buildConfigurations = (
				828963D81AAF5BFE00B546F3 /* Debug */,
				828963D91AAF5BFE00B546F3 /* Release */,
			);
			defaultConfigurationIsVisible = 0;
			defaultConfigurationName = Release;
		};
		828963DA1AAF5BFE00B546F3 /* Build configuration list for PBXNativeTarget "SocializerTests" */ = {
			isa = XCConfigurationList;
			buildConfigurations = (
				828963DB1AAF5BFE00B546F3 /* Debug */,
				828963DC1AAF5BFE00B546F3 /* Release */,
			);
			defaultConfigurationIsVisible = 0;
			defaultConfigurationName = Release;
		};
/* End XCConfigurationList section */
	};
	rootObject = 828963AE1AAF5BFD00B546F3 /* Project object */;
}
